
Microsoft Visual Studio Solution File, Format Version 12.00
# Visual Studio Version 16
VisualStudioVersion = 16.0.31515.178
MinimumVisualStudioVersion = 10.0.40219.1
Project("{FAE04EC0-301F-11D3-BF4B-00C04F79EFBC}") = "ContadorVehicular", "ContadorVehicular.csproj", "{A1C62B28-B6D7-4A9E-B1C7-3153EE340B6B}"
EndProject
Global
	GlobalSection(SolutionConfigurationPlatforms) = preSolution
		Debug|Any CPU = Debug|Any CPU
		Release|Any CPU = Release|Any CPU
	EndGlobalSection
	GlobalSection(ProjectConfigurationPlatforms) = postSolution
		{A1C62B28-B6D7-4A9E-B1C7-3153EE340B6B}.Debug|Any CPU.ActiveCfg = Debug|Any CPU
		{A1C62B28-B6D7-4A9E-B1C7-3153EE340B6B}.Debug|Any CPU.Build.0 = Debug|Any CPU
		{A1C62B28-B6D7-4A9E-B1C7-3153EE340B6B}.Release|Any CPU.ActiveCfg = Release|Any CPU
		{A1C62B28-B6D7-4A9E-B1C7-3153EE340B6B}.Release|Any CPU.Build.0 = Release|Any CPU
	EndGlobalSection
	GlobalSection(SolutionProperties) = preSolution
		HideSolutionNode = FALSE
	EndGlobalSection
	GlobalSection(ExtensibilityGlobals) = postSolution
		SolutionGuid = {578C0F29-FF4A-42D0-9135-69507AC0DBB4}
	EndGlobalSection
EndGlobal
